
Microsoft Visual Studio Solution File, Format Version 12.00
Project("{FAE04EC0-301F-11D3-BF4B-00C04F79EFBC}") = "SoundboardMAUI", "SoundboardMAUI.csproj", "{F444B958-9DBD-4B1A-8499-4801E00EB9D7}"
EndProject
Global
	GlobalSection(SolutionConfigurationPlatforms) = preSolution
		Debug|Any CPU = Debug|Any CPU
		Release|Any CPU = Release|Any CPU
	EndGlobalSection
	GlobalSection(ProjectConfigurationPlatforms) = postSolution
		{F444B958-9DBD-4B1A-8499-4801E00EB9D7}.Debug|Any CPU.ActiveCfg = Debug|Any CPU
		{F444B958-9DBD-4B1A-8499-4801E00EB9D7}.Debug|Any CPU.Build.0 = Debug|Any CPU
		{F444B958-9DBD-4B1A-8499-4801E00EB9D7}.Release|Any CPU.ActiveCfg = Release|Any CPU
		{F444B958-9DBD-4B1A-8499-4801E00EB9D7}.Release|Any CPU.Build.0 = Release|Any CPU
	EndGlobalSection
EndGlobal
